
Microsoft Visual Studio Solution File, Format Version 12.00
# Visual Studio Version 17
VisualStudioVersion = 17.3.32901.215
MinimumVisualStudioVersion = 10.0.40219.1
Project("{FAE04EC0-301F-11D3-BF4B-00C04F79EFBC}") = "biblioteca-Paolo", "biblioteca-Paolo.csproj", "{D5969FD3-A8A3-49AD-A631-E1438BF22B43}"
EndProject
Global
	GlobalSection(SolutionConfigurationPlatforms) = preSolution
		Debug|Any CPU = Debug|Any CPU
		Release|Any CPU = Release|Any CPU
	EndGlobalSection
	GlobalSection(ProjectConfigurationPlatforms) = postSolution
		{D5969FD3-A8A3-49AD-A631-E1438BF22B43}.Debug|Any CPU.ActiveCfg = Debug|Any CPU
		{D5969FD3-A8A3-49AD-A631-E1438BF22B43}.Debug|Any CPU.Build.0 = Debug|Any CPU
		{D5969FD3-A8A3-49AD-A631-E1438BF22B43}.Release|Any CPU.ActiveCfg = Release|Any CPU
		{D5969FD3-A8A3-49AD-A631-E1438BF22B43}.Release|Any CPU.Build.0 = Release|Any CPU
	EndGlobalSection
	GlobalSection(SolutionProperties) = preSolution
		HideSolutionNode = FALSE
	EndGlobalSection
	GlobalSection(ExtensibilityGlobals) = postSolution
		SolutionGuid = {F3166449-27ED-4A5E-A061-99BFB1B4DC61}
	EndGlobalSection
EndGlobal
